
Microsoft Visual Studio Solution File, Format Version 12.00
# Visual Studio Version 16
VisualStudioVersion = 16.0.31702.278
MinimumVisualStudioVersion = 10.0.40219.1
Project("{FAE04EC0-301F-11D3-BF4B-00C04F79EFBC}") = "DataMovement", "lib\DataMovement.csproj", "{B821E031-09CC-48F0-BDC6-2793228D4027}"
EndProject
Project("{FAE04EC0-301F-11D3-BF4B-00C04F79EFBC}") = "DMLibTestCodeGen", "test\DMLibTestCodeGen\DMLibTestCodeGen.csproj", "{7018EE4E-D389-424E-A8DD-F9B4FFDA5194}"
EndProject
Project("{FAE04EC0-301F-11D3-BF4B-00C04F79EFBC}") = "DMTestLib", "test\DMTestLib\DMTestLib.csproj", "{2C79E154-EFD2-4FFD-8A73-5A62A61BC6E5}"
EndProject
Project("{FAE04EC0-301F-11D3-BF4B-00C04F79EFBC}") = "MsTestLib", "test\MsTestLib\MsTestLib.csproj", "{AC39B50F-DC27-4411-9ED4-A4A137190ACB}"
EndProject
Project("{FAE04EC0-301F-11D3-BF4B-00C04F79EFBC}") = "DMLibTest", "test\DMLibTest\DMLibTest.csproj", "{2A4656A4-F744-4653-A9D6-15112E9AB352}"
EndProject
Project("{2150E333-8FDC-42A3-9474-1A3956D46DE8}") = "NetFramework", "NetFramework", "{55DEB02A-E26F-45F4-A67B-D630B82E9666}"
EndProject
Project("{2150E333-8FDC-42A3-9474-1A3956D46DE8}") = "NetStandard", "NetStandard", "{2E5D799B-A7A5-4C67-9FBF-65FC568FA554}"
EndProject
Project("{9A19103F-16F7-4668-BE54-9A1E7A4F7556}") = "Microsoft.Azure.Storage.DataMovement", "netcore\Microsoft.Azure.Storage.DataMovement\Microsoft.Azure.Storage.DataMovement.csproj", "{E72E6924-C397-4BED-A5E9-F27077EC2F87}"
EndProject
Project("{9A19103F-16F7-4668-BE54-9A1E7A4F7556}") = "MsTestLib", "netcore\MsTestLib\MsTestLib.csproj", "{84106B7D-CF31-450E-BB97-577E5991BF96}"
EndProject
Project("{9A19103F-16F7-4668-BE54-9A1E7A4F7556}") = "DMTestLib", "netcore\DMTestLib\DMTestLib.csproj", "{1BF00C88-1FCE-445B-A09F-04E7420E473B}"
EndProject
Project("{9A19103F-16F7-4668-BE54-9A1E7A4F7556}") = "DMLibTest", "netcore\DMLibTest\DMLibTest.csproj", "{DEC84494-18ED-4011-B999-E40DE26F68ED}"
EndProject
Project("{9A19103F-16F7-4668-BE54-9A1E7A4F7556}") = "DMLibTestCodeGen_NetCore", "netcore\DMLibTestCodeGen_NetCore\DMLibTestCodeGen_NetCore.csproj", "{95568547-722F-4628-B4EF-9AE8E63854CA}"
EndProject
Project("{2150E333-8FDC-42A3-9474-1A3956D46DE8}") = "SolutionItems", "SolutionItems", "{3D207BC8-20CB-48C8-8978-5DB470E273AA}"
	ProjectSection(SolutionItems) = preProject
		BreakingChanges.txt = BreakingChanges.txt
		build.ps1 = build.ps1
		changelog.txt = changelog.txt
		CONTRIBUTING.md = CONTRIBUTING.md
		tools\nupkg\Microsoft.Azure.Storage.DataMovement.nuspec = tools\nupkg\Microsoft.Azure.Storage.DataMovement.nuspec
		psakefile.ps1 = psakefile.ps1
		README.md = README.md
	EndProjectSection
EndProject
Global
	GlobalSection(SolutionConfigurationPlatforms) = preSolution
		Debug|Any CPU = Debug|Any CPU
		Release|Any CPU = Release|Any CPU
	EndGlobalSection
	GlobalSection(ProjectConfigurationPlatforms) = postSolution
		{B821E031-09CC-48F0-BDC6-2793228D4027}.Debug|Any CPU.ActiveCfg = Debug|Any CPU
		{B821E031-09CC-48F0-BDC6-2793228D4027}.Debug|Any CPU.Build.0 = Debug|Any CPU
		{B821E031-09CC-48F0-BDC6-2793228D4027}.Release|Any CPU.ActiveCfg = Release|Any CPU
		{B821E031-09CC-48F0-BDC6-2793228D4027}.Release|Any CPU.Build.0 = Release|Any CPU
		{7018EE4E-D389-424E-A8DD-F9B4FFDA5194}.Debug|Any CPU.ActiveCfg = Debug|Any CPU
		{7018EE4E-D389-424E-A8DD-F9B4FFDA5194}.Debug|Any CPU.Build.0 = Debug|Any CPU
		{7018EE4E-D389-424E-A8DD-F9B4FFDA5194}.Release|Any CPU.ActiveCfg = Release|Any CPU
		{7018EE4E-D389-424E-A8DD-F9B4FFDA5194}.Release|Any CPU.Build.0 = Release|Any CPU
		{2C79E154-EFD2-4FFD-8A73-5A62A61BC6E5}.Debug|Any CPU.ActiveCfg = Debug|Any CPU
		{2C79E154-EFD2-4FFD-8A73-5A62A61BC6E5}.Debug|Any CPU.Build.0 = Debug|Any CPU
		{2C79E154-EFD2-4FFD-8A73-5A62A61BC6E5}.Release|Any CPU.ActiveCfg = Release|Any CPU
		{2C79E154-EFD2-4FFD-8A73-5A62A61BC6E5}.Release|Any CPU.Build.0 = Release|Any CPU
		{AC39B50F-DC27-4411-9ED4-A4A137190ACB}.Debug|Any CPU.ActiveCfg = Debug|Any CPU
		{AC39B50F-DC27-4411-9ED4-A4A137190ACB}.Debug|Any CPU.Build.0 = Debug|Any CPU
		{AC39B50F-DC27-4411-9ED4-A4A137190ACB}.Release|Any CPU.ActiveCfg = Release|Any CPU
		{AC39B50F-DC27-4411-9ED4-A4A137190ACB}.Release|Any CPU.Build.0 = Release|Any CPU
		{2A4656A4-F744-4653-A9D6-15112E9AB352}.Debug|Any CPU.ActiveCfg = Debug|Any CPU
		{2A4656A4-F744-4653-A9D6-15112E9AB352}.Debug|Any CPU.Build.0 = Debug|Any CPU
		{2A4656A4-F744-4653-A9D6-15112E9AB352}.Release|Any CPU.ActiveCfg = Release|Any CPU
		{2A4656A4-F744-4653-A9D6-15112E9AB352}.Release|Any CPU.Build.0 = Release|Any CPU
		{E72E6924-C397-4BED-A5E9-F27077EC2F87}.Debug|Any CPU.ActiveCfg = Debug|Any CPU
		{E72E6924-C397-4BED-A5E9-F27077EC2F87}.Debug|Any CPU.Build.0 = Debug|Any CPU
		{E72E6924-C397-4BED-A5E9-F27077EC2F87}.Release|Any CPU.ActiveCfg = Release|Any CPU
		{E72E6924-C397-4BED-A5E9-F27077EC2F87}.Release|Any CPU.Build.0 = Release|Any CPU
		{84106B7D-CF31-450E-BB97-577E5991BF96}.Debug|Any CPU.ActiveCfg = Debug|Any CPU
		{84106B7D-CF31-450E-BB97-577E5991BF96}.Debug|Any CPU.Build.0 = Debug|Any CPU
		{84106B7D-CF31-450E-BB97-577E5991BF96}.Release|Any CPU.ActiveCfg = Release|Any CPU
		{84106B7D-CF31-450E-BB97-577E5991BF96}.Release|Any CPU.Build.0 = Release|Any CPU
		{1BF00C88-1FCE-445B-A09F-04E7420E473B}.Debug|Any CPU.ActiveCfg = Debug|Any CPU
		{1BF00C88-1FCE-445B-A09F-04E7420E473B}.Debug|Any CPU.Build.0 = Debug|Any CPU
		{1BF00C88-1FCE-445B-A09F-04E7420E473B}.Release|Any CPU.ActiveCfg = Release|Any CPU
		{1BF00C88-1FCE-445B-A09F-04E7420E473B}.Release|Any CPU.Build.0 = Release|Any CPU
		{DEC84494-18ED-4011-B999-E40DE26F68ED}.Debug|Any CPU.ActiveCfg = Debug|Any CPU
		{DEC84494-18ED-4011-B999-E40DE26F68ED}.Debug|Any CPU.Build.0 = Debug|Any CPU
		{DEC84494-18ED-4011-B999-E40DE26F68ED}.Release|Any CPU.ActiveCfg = Release|Any CPU
		{DEC84494-18ED-4011-B999-E40DE26F68ED}.Release|Any CPU.Build.0 = Release|Any CPU
		{95568547-722F-4628-B4EF-9AE8E63854CA}.Debug|Any CPU.ActiveCfg = Debug|Any CPU
		{95568547-722F-4628-B4EF-9AE8E63854CA}.Debug|Any CPU.Build.0 = Debug|Any CPU
		{95568547-722F-4628-B4EF-9AE8E63854CA}.Release|Any CPU.ActiveCfg = Release|Any CPU
		{95568547-722F-4628-B4EF-9AE8E63854CA}.Release|Any CPU.Build.0 = Release|Any CPU
	EndGlobalSection
	GlobalSection(SolutionProperties) = preSolution
		HideSolutionNode = FALSE
	EndGlobalSection
	GlobalSection(NestedProjects) = preSolution
		{B821E031-09CC-48F0-BDC6-2793228D4027} = {55DEB02A-E26F-45F4-A67B-D630B82E9666}
		{7018EE4E-D389-424E-A8DD-F9B4FFDA5194} = {55DEB02A-E26F-45F4-A67B-D630B82E9666}
		{2C79E154-EFD2-4FFD-8A73-5A62A61BC6E5} = {55DEB02A-E26F-45F4-A67B-D630B82E9666}
		{AC39B50F-DC27-4411-9ED4-A4A137190ACB} = {55DEB02A-E26F-45F4-A67B-D630B82E9666}
		{2A4656A4-F744-4653-A9D6-15112E9AB352} = {55DEB02A-E26F-45F4-A67B-D630B82E9666}
		{E72E6924-C397-4BED-A5E9-F27077EC2F87} = {2E5D799B-A7A5-4C67-9FBF-65FC568FA554}
		{84106B7D-CF31-450E-BB97-577E5991BF96} = {2E5D799B-A7A5-4C67-9FBF-65FC568FA554}
		{1BF00C88-1FCE-445B-A09F-04E7420E473B} = {2E5D799B-A7A5-4C67-9FBF-65FC568FA554}
		{DEC84494-18ED-4011-B999-E40DE26F68ED} = {2E5D799B-A7A5-4C67-9FBF-65FC568FA554}
		{95568547-722F-4628-B4EF-9AE8E63854CA} = {2E5D799B-A7A5-4C67-9FBF-65FC568FA554}
	EndGlobalSection
	GlobalSection(ExtensibilityGlobals) = postSolution
		SolutionGuid = {D175E515-B868-46E9-8D35-B0F8FE1F965A}
	EndGlobalSection
EndGlobal
